// !$*UTF8*$!
{
	archiveVersion = 1;
	classes = {
	};
	objectVersion = 50;
	objects = {

/* Begin PBXBuildFile section */
		AE4823BA78516F1D60E82BC5 /* Pods_BusinessCard.framework in Frameworks */ = {isa = PBXBuildFile; fileRef = A7FFCF98437DF0514ADFFDDA /* Pods_BusinessCard.framework */; };
		B3CDDF862252622D00AC36DF /* BusinessCardTests.swift in Sources */ = {isa = PBXBuildFile; fileRef = B3CDDF852252622D00AC36DF /* BusinessCardTests.swift */; };
		B3CDDF912252622D00AC36DF /* BusinessCardUITests.swift in Sources */ = {isa = PBXBuildFile; fileRef = B3CDDF902252622D00AC36DF /* BusinessCardUITests.swift */; };
		B3CDDFAD225263CE00AC36DF /* AppDelegate.swift in Sources */ = {isa = PBXBuildFile; fileRef = B3CDDF9F225263CE00AC36DF /* AppDelegate.swift */; };
		B3CDDFAE225263CE00AC36DF /* LaunchScreen.storyboard in Resources */ = {isa = PBXBuildFile; fileRef = B3CDDFA2225263CE00AC36DF /* LaunchScreen.storyboard */; };
		B3CDDFAF225263CE00AC36DF /* Main.storyboard in Resources */ = {isa = PBXBuildFile; fileRef = B3CDDFA4225263CE00AC36DF /* Main.storyboard */; };
		B3CDDFB0225263CE00AC36DF /* ViewController.swift in Sources */ = {isa = PBXBuildFile; fileRef = B3CDDFA7225263CE00AC36DF /* ViewController.swift */; };
		B3CDDFB1225263CE00AC36DF /* Assets.xcassets in Resources */ = {isa = PBXBuildFile; fileRef = B3CDDFAA225263CE00AC36DF /* Assets.xcassets */; };
/* End PBXBuildFile section */

/* Begin PBXContainerItemProxy section */
		B3CDDF822252622D00AC36DF /* PBXContainerItemProxy */ = {
			isa = PBXContainerItemProxy;
			containerPortal = B3CDDF652252622A00AC36DF /* Project object */;
			proxyType = 1;
			remoteGlobalIDString = B3CDDF6C2252622A00AC36DF;
			remoteInfo = BusinessCard;
		};
		B3CDDF8D2252622D00AC36DF /* PBXContainerItemProxy */ = {
			isa = PBXContainerItemProxy;
			containerPortal = B3CDDF652252622A00AC36DF /* Project object */;
			proxyType = 1;
			remoteGlobalIDString = B3CDDF6C2252622A00AC36DF;
			remoteInfo = BusinessCard;
		};
/* End PBXContainerItemProxy section */

/* Begin PBXFileReference section */
		08531E992CD84D5AE7775707 /* Pods-BusinessCard.debug.xcconfig */ = {isa = PBXFileReference; includeInIndex = 1; lastKnownFileType = text.xcconfig; name = "Pods-BusinessCard.debug.xcconfig"; path = "Pods/Target Support Files/Pods-BusinessCard/Pods-BusinessCard.debug.xcconfig"; sourceTree = "<group>"; };
		A7FFCF98437DF0514ADFFDDA /* Pods_BusinessCard.framework */ = {isa = PBXFileReference; explicitFileType = wrapper.framework; includeInIndex = 0; path = Pods_BusinessCard.framework; sourceTree = BUILT_PRODUCTS_DIR; };
		B3CDDF6D2252622A00AC36DF /* BusinessCard.app */ = {isa = PBXFileReference; explicitFileType = wrapper.application; includeInIndex = 0; path = BusinessCard.app; sourceTree = BUILT_PRODUCTS_DIR; };
		B3CDDF812252622D00AC36DF /* BusinessCardTests.xctest */ = {isa = PBXFileReference; explicitFileType = wrapper.cfbundle; includeInIndex = 0; path = BusinessCardTests.xctest; sourceTree = BUILT_PRODUCTS_DIR; };
		B3CDDF852252622D00AC36DF /* BusinessCardTests.swift */ = {isa = PBXFileReference; lastKnownFileType = sourcecode.swift; path = BusinessCardTests.swift; sourceTree = "<group>"; };
		B3CDDF872252622D00AC36DF /* Info.plist */ = {isa = PBXFileReference; lastKnownFileType = text.plist.xml; path = Info.plist; sourceTree = "<group>"; };
		B3CDDF8C2252622D00AC36DF /* BusinessCardUITests.xctest */ = {isa = PBXFileReference; explicitFileType = wrapper.cfbundle; includeInIndex = 0; path = BusinessCardUITests.xctest; sourceTree = BUILT_PRODUCTS_DIR; };
		B3CDDF902252622D00AC36DF /* BusinessCardUITests.swift */ = {isa = PBXFileReference; lastKnownFileType = sourcecode.swift; path = BusinessCardUITests.swift; sourceTree = "<group>"; };
		B3CDDF922252622D00AC36DF /* Info.plist */ = {isa = PBXFileReference; lastKnownFileType = text.plist.xml; path = Info.plist; sourceTree = "<group>"; };
		B3CDDF9F225263CE00AC36DF /* AppDelegate.swift */ = {isa = PBXFileReference; fileEncoding = 4; lastKnownFileType = sourcecode.swift; path = AppDelegate.swift; sourceTree = "<group>"; };
		B3CDDFA3225263CE00AC36DF /* Base */ = {isa = PBXFileReference; lastKnownFileType = file.storyboard; name = Base; path = Base.lproj/LaunchScreen.storyboard; sourceTree = "<group>"; };
		B3CDDFA5225263CE00AC36DF /* Base */ = {isa = PBXFileReference; lastKnownFileType = file.storyboard; name = Base; path = Base.lproj/Main.storyboard; sourceTree = "<group>"; };
		B3CDDFA7225263CE00AC36DF /* ViewController.swift */ = {isa = PBXFileReference; fileEncoding = 4; lastKnownFileType = sourcecode.swift; path = ViewController.swift; sourceTree = "<group>"; };
		B3CDDFAA225263CE00AC36DF /* Assets.xcassets */ = {isa = PBXFileReference; lastKnownFileType = folder.assetcatalog; path = Assets.xcassets; sourceTree = "<group>"; };
		B3CDDFAC225263CE00AC36DF /* Info.plist */ = {isa = PBXFileReference; fileEncoding = 4; lastKnownFileType = text.plist.xml; path = Info.plist; sourceTree = "<group>"; };
		D82C057B8E34CDF7CFC0C148 /* Pods-BusinessCard.release.xcconfig */ = {isa = PBXFileReference; includeInIndex = 1; lastKnownFileType = text.xcconfig; name = "Pods-BusinessCard.release.xcconfig"; path = "Pods/Target Support Files/Pods-BusinessCard/Pods-BusinessCard.release.xcconfig"; sourceTree = "<group>"; };
/* End PBXFileReference section */

/* Begin PBXFrameworksBuildPhase section */
		B3CDDF6A2252622A00AC36DF /* Frameworks */ = {
			isa = PBXFrameworksBuildPhase;
			buildActionMask = 2147483647;
			files = (
				AE4823BA78516F1D60E82BC5 /* Pods_BusinessCard.framework in Frameworks */,
			);
			runOnlyForDeploymentPostprocessing = 0;
		};
		B3CDDF7E2252622D00AC36DF /* Frameworks */ = {
			isa = PBXFrameworksBuildPhase;
			buildActionMask = 2147483647;
			files = (
			);
			runOnlyForDeploymentPostprocessing = 0;
		};
		B3CDDF892252622D00AC36DF /* Frameworks */ = {
			isa = PBXFrameworksBuildPhase;
			buildActionMask = 2147483647;
			files = (
			);
			runOnlyForDeploymentPostprocessing = 0;
		};
/* End PBXFrameworksBuildPhase section */

/* Begin PBXGroup section */
		69B8414824170F9F7EF2A68D /* Pods */ = {
			isa = PBXGroup;
			children = (
				08531E992CD84D5AE7775707 /* Pods-BusinessCard.debug.xcconfig */,
				D82C057B8E34CDF7CFC0C148 /* Pods-BusinessCard.release.xcconfig */,
			);
			name = Pods;
			sourceTree = "<group>";
		};
		B3CDDF642252622A00AC36DF = {
			isa = PBXGroup;
			children = (
				B3CDDF6F2252622A00AC36DF /* BusinessCard */,
				B3CDDF842252622D00AC36DF /* BusinessCardTests */,
				B3CDDF8F2252622D00AC36DF /* BusinessCardUITests */,
				B3CDDF6E2252622A00AC36DF /* Products */,
				69B8414824170F9F7EF2A68D /* Pods */,
				E717C3DD1FBFE93FB24DA05C /* Frameworks */,
			);
			sourceTree = "<group>";
		};
		B3CDDF6E2252622A00AC36DF /* Products */ = {
			isa = PBXGroup;
			children = (
				B3CDDF6D2252622A00AC36DF /* BusinessCard.app */,
				B3CDDF812252622D00AC36DF /* BusinessCardTests.xctest */,
				B3CDDF8C2252622D00AC36DF /* BusinessCardUITests.xctest */,
			);
			name = Products;
			sourceTree = "<group>";
		};
		B3CDDF6F2252622A00AC36DF /* BusinessCard */ = {
			isa = PBXGroup;
			children = (
				B3CDDF9E225263CE00AC36DF /* AppDelegate */,
				B3CDDFA0225263CE00AC36DF /* Presentation */,
				B3CDDFA8225263CE00AC36DF /* Resources */,
				B3CDDFAB225263CE00AC36DF /* Supporting Files */,
			);
			path = BusinessCard;
			sourceTree = "<group>";
		};
		B3CDDF842252622D00AC36DF /* BusinessCardTests */ = {
			isa = PBXGroup;
			children = (
				B3CDDF852252622D00AC36DF /* BusinessCardTests.swift */,
				B3CDDF872252622D00AC36DF /* Info.plist */,
			);
			path = BusinessCardTests;
			sourceTree = "<group>";
		};
		B3CDDF8F2252622D00AC36DF /* BusinessCardUITests */ = {
			isa = PBXGroup;
			children = (
				B3CDDF902252622D00AC36DF /* BusinessCardUITests.swift */,
				B3CDDF922252622D00AC36DF /* Info.plist */,
			);
			path = BusinessCardUITests;
			sourceTree = "<group>";
		};
		B3CDDF9E225263CE00AC36DF /* AppDelegate */ = {
			isa = PBXGroup;
			children = (
				B3CDDF9F225263CE00AC36DF /* AppDelegate.swift */,
			);
			path = AppDelegate;
			sourceTree = "<group>";
		};
		B3CDDFA0225263CE00AC36DF /* Presentation */ = {
			isa = PBXGroup;
			children = (
				B3CDDFA1225263CE00AC36DF /* Storyboards */,
				B3CDDFA6225263CE00AC36DF /* ViewControllers */,
			);
			path = Presentation;
			sourceTree = "<group>";
		};
		B3CDDFA1225263CE00AC36DF /* Storyboards */ = {
			isa = PBXGroup;
			children = (
				B3CDDFA2225263CE00AC36DF /* LaunchScreen.storyboard */,
				B3CDDFA4225263CE00AC36DF /* Main.storyboard */,
			);
			path = Storyboards;
			sourceTree = "<group>";
		};
		B3CDDFA6225263CE00AC36DF /* ViewControllers */ = {
			isa = PBXGroup;
			children = (
				B3CDDFA7225263CE00AC36DF /* ViewController.swift */,
			);
			path = ViewControllers;
			sourceTree = "<group>";
		};
		B3CDDFA8225263CE00AC36DF /* Resources */ = {
			isa = PBXGroup;
			children = (
				B3CDDFA9225263CE00AC36DF /* Images */,
			);
			path = Resources;
			sourceTree = "<group>";
		};
		B3CDDFA9225263CE00AC36DF /* Images */ = {
			isa = PBXGroup;
			children = (
				B3CDDFAA225263CE00AC36DF /* Assets.xcassets */,
			);
			path = Images;
			sourceTree = "<group>";
		};
		B3CDDFAB225263CE00AC36DF /* Supporting Files */ = {
			isa = PBXGroup;
			children = (
				B3CDDFAC225263CE00AC36DF /* Info.plist */,
			);
			path = "Supporting Files";
			sourceTree = "<group>";
		};
		E717C3DD1FBFE93FB24DA05C /* Frameworks */ = {
			isa = PBXGroup;
			children = (
				A7FFCF98437DF0514ADFFDDA /* Pods_BusinessCard.framework */,
			);
			name = Frameworks;
			sourceTree = "<group>";
		};
/* End PBXGroup section */

/* Begin PBXNativeTarget section */
		B3CDDF6C2252622A00AC36DF /* BusinessCard */ = {
			isa = PBXNativeTarget;
			buildConfigurationList = B3CDDF952252622D00AC36DF /* Build configuration list for PBXNativeTarget "BusinessCard" */;
			buildPhases = (
				EF11C0222FE2FBB92E41F0EF /* [CP] Check Pods Manifest.lock */,
				B3CDDF692252622A00AC36DF /* Sources */,
				B3CDDF6A2252622A00AC36DF /* Frameworks */,
				B3CDDF6B2252622A00AC36DF /* Resources */,
				97408D2F526E9CB3AA3F1F2F /* [CP] Embed Pods Frameworks */,
			);
			buildRules = (
			);
			dependencies = (
			);
			name = BusinessCard;
			productName = BusinessCard;
			productReference = B3CDDF6D2252622A00AC36DF /* BusinessCard.app */;
			productType = "com.apple.product-type.application";
		};
		B3CDDF802252622D00AC36DF /* BusinessCardTests */ = {
			isa = PBXNativeTarget;
			buildConfigurationList = B3CDDF982252622D00AC36DF /* Build configuration list for PBXNativeTarget "BusinessCardTests" */;
			buildPhases = (
				B3CDDF7D2252622D00AC36DF /* Sources */,
				B3CDDF7E2252622D00AC36DF /* Frameworks */,
				B3CDDF7F2252622D00AC36DF /* Resources */,
			);
			buildRules = (
			);
			dependencies = (
				B3CDDF832252622D00AC36DF /* PBXTargetDependency */,
			);
			name = BusinessCardTests;
			productName = BusinessCardTests;
			productReference = B3CDDF812252622D00AC36DF /* BusinessCardTests.xctest */;
			productType = "com.apple.product-type.bundle.unit-test";
		};
		B3CDDF8B2252622D00AC36DF /* BusinessCardUITests */ = {
			isa = PBXNativeTarget;
			buildConfigurationList = B3CDDF9B2252622D00AC36DF /* Build configuration list for PBXNativeTarget "BusinessCardUITests" */;
			buildPhases = (
				B3CDDF882252622D00AC36DF /* Sources */,
				B3CDDF892252622D00AC36DF /* Frameworks */,
				B3CDDF8A2252622D00AC36DF /* Resources */,
			);
			buildRules = (
			);
			dependencies = (
				B3CDDF8E2252622D00AC36DF /* PBXTargetDependency */,
			);
			name = BusinessCardUITests;
			productName = BusinessCardUITests;
			productReference = B3CDDF8C2252622D00AC36DF /* BusinessCardUITests.xctest */;
			productType = "com.apple.product-type.bundle.ui-testing";
		};
/* End PBXNativeTarget section */

/* Begin PBXProject section */
		B3CDDF652252622A00AC36DF /* Project object */ = {
			isa = PBXProject;
			attributes = {
				LastSwiftUpdateCheck = 1020;
				LastUpgradeCheck = 1020;
				ORGANIZATIONNAME = Melnyk;
				TargetAttributes = {
					B3CDDF6C2252622A00AC36DF = {
						CreatedOnToolsVersion = 10.2;
					};
					B3CDDF802252622D00AC36DF = {
						CreatedOnToolsVersion = 10.2;
						TestTargetID = B3CDDF6C2252622A00AC36DF;
					};
					B3CDDF8B2252622D00AC36DF = {
						CreatedOnToolsVersion = 10.2;
						TestTargetID = B3CDDF6C2252622A00AC36DF;
					};
				};
			};
			buildConfigurationList = B3CDDF682252622A00AC36DF /* Build configuration list for PBXProject "BusinessCard" */;
			compatibilityVersion = "Xcode 9.3";
			developmentRegion = en;
			hasScannedForEncodings = 0;
			knownRegions = (
				en,
				Base,
			);
			mainGroup = B3CDDF642252622A00AC36DF;
			productRefGroup = B3CDDF6E2252622A00AC36DF /* Products */;
			projectDirPath = "";
			projectRoot = "";
			targets = (
				B3CDDF6C2252622A00AC36DF /* BusinessCard */,
				B3CDDF802252622D00AC36DF /* BusinessCardTests */,
				B3CDDF8B2252622D00AC36DF /* BusinessCardUITests */,
			);
		};
/* End PBXProject section */

/* Begin PBXResourcesBuildPhase section */
		B3CDDF6B2252622A00AC36DF /* Resources */ = {
			isa = PBXResourcesBuildPhase;
			buildActionMask = 2147483647;
			files = (
				B3CDDFAF225263CE00AC36DF /* Main.storyboard in Resources */,
				B3CDDFAE225263CE00AC36DF /* LaunchScreen.storyboard in Resources */,
				B3CDDFB1225263CE00AC36DF /* Assets.xcassets in Resources */,
			);
			runOnlyForDeploymentPostprocessing = 0;
		};
		B3CDDF7F2252622D00AC36DF /* Resources */ = {
			isa = PBXResourcesBuildPhase;
			buildActionMask = 2147483647;
			files = (
			);
			runOnlyForDeploymentPostprocessing = 0;
		};
		B3CDDF8A2252622D00AC36DF /* Resources */ = {
			isa = PBXResourcesBuildPhase;
			buildActionMask = 2147483647;
			files = (
			);
			runOnlyForDeploymentPostprocessing = 0;
		};
/* End PBXResourcesBuildPhase section */

/* Begin PBXShellScriptBuildPhase section */
		97408D2F526E9CB3AA3F1F2F /* [CP] Embed Pods Frameworks */ = {
			isa = PBXShellScriptBuildPhase;
			buildActionMask = 2147483647;
			files = (
			);
			inputFileListPaths = (
			);
			inputPaths = (
				"${SRCROOT}/Pods/Target Support Files/Pods-BusinessCard/Pods-BusinessCard-frameworks.sh",
				"${BUILT_PRODUCTS_DIR}/ComponentsHub/ComponentsHub.framework",
				"${BUILT_PRODUCTS_DIR}/libextobjc/libextobjc.framework",
			);
			name = "[CP] Embed Pods Frameworks";
			outputFileListPaths = (
			);
			outputPaths = (
				"${TARGET_BUILD_DIR}/${FRAMEWORKS_FOLDER_PATH}/ComponentsHub.framework",
				"${TARGET_BUILD_DIR}/${FRAMEWORKS_FOLDER_PATH}/libextobjc.framework",
			);
			runOnlyForDeploymentPostprocessing = 0;
			shellPath = /bin/sh;
			shellScript = "\"${SRCROOT}/Pods/Target Support Files/Pods-BusinessCard/Pods-BusinessCard-frameworks.sh\"\n";
			showEnvVarsInLog = 0;
		};
		EF11C0222FE2FBB92E41F0EF /* [CP] Check Pods Manifest.lock */ = {
			isa = PBXShellScriptBuildPhase;
			buildActionMask = 2147483647;
			files = (
			);
			inputFileListPaths = (
			);
			inputPaths = (
				"${PODS_PODFILE_DIR_PATH}/Podfile.lock",
				"${PODS_ROOT}/Manifest.lock",
			);
			name = "[CP] Check Pods Manifest.lock";
			outputFileListPaths = (
			);
			outputPaths = (
				"$(DERIVED_FILE_DIR)/Pods-BusinessCard-checkManifestLockResult.txt",
			);
			runOnlyForDeploymentPostprocessing = 0;
			shellPath = /bin/sh;
			shellScript = "diff \"${PODS_PODFILE_DIR_PATH}/Podfile.lock\" \"${PODS_ROOT}/Manifest.lock\" > /dev/null\nif [ $? != 0 ] ; then\n    # print error to STDERR\n    echo \"error: The sandbox is not in sync with the Podfile.lock. Run 'pod install' or update your CocoaPods installation.\" >&2\n    exit 1\nfi\n# This output is used by Xcode 'outputs' to avoid re-running this script phase.\necho \"SUCCESS\" > \"${SCRIPT_OUTPUT_FILE_0}\"\n";
			showEnvVarsInLog = 0;
		};
/* End PBXShellScriptBuildPhase section */

/* Begin PBXSourcesBuildPhase section */
		B3CDDF692252622A00AC36DF /* Sources */ = {
			isa = PBXSourcesBuildPhase;
			buildActionMask = 2147483647;
			files = (
				B3CDDFAD225263CE00AC36DF /* AppDelegate.swift in Sources */,
				B3CDDFB0225263CE00AC36DF /* ViewController.swift in Sources */,
			);
			runOnlyForDeploymentPostprocessing = 0;
		};
		B3CDDF7D2252622D00AC36DF /* Sources */ = {
			isa = PBXSourcesBuildPhase;
			buildActionMask = 2147483647;
			files = (
				B3CDDF862252622D00AC36DF /* BusinessCardTests.swift in Sources */,
			);
			runOnlyForDeploymentPostprocessing = 0;
		};
		B3CDDF882252622D00AC36DF /* Sources */ = {
			isa = PBXSourcesBuildPhase;
			buildActionMask = 2147483647;
			files = (
				B3CDDF912252622D00AC36DF /* BusinessCardUITests.swift in Sources */,
			);
			runOnlyForDeploymentPostprocessing = 0;
		};
/* End PBXSourcesBuildPhase section */

/* Begin PBXTargetDependency section */
		B3CDDF832252622D00AC36DF /* PBXTargetDependency */ = {
			isa = PBXTargetDependency;
			target = B3CDDF6C2252622A00AC36DF /* BusinessCard */;
			targetProxy = B3CDDF822252622D00AC36DF /* PBXContainerItemProxy */;
		};
		B3CDDF8E2252622D00AC36DF /* PBXTargetDependency */ = {
			isa = PBXTargetDependency;
			target = B3CDDF6C2252622A00AC36DF /* BusinessCard */;
			targetProxy = B3CDDF8D2252622D00AC36DF /* PBXContainerItemProxy */;
		};
/* End PBXTargetDependency section */

/* Begin PBXVariantGroup section */
		B3CDDFA2225263CE00AC36DF /* LaunchScreen.storyboard */ = {
			isa = PBXVariantGroup;
			children = (
				B3CDDFA3225263CE00AC36DF /* Base */,
			);
			name = LaunchScreen.storyboard;
			sourceTree = "<group>";
		};
		B3CDDFA4225263CE00AC36DF /* Main.storyboard */ = {
			isa = PBXVariantGroup;
			children = (
				B3CDDFA5225263CE00AC36DF /* Base */,
			);
			name = Main.storyboard;
			sourceTree = "<group>";
		};
/* End PBXVariantGroup section */

/* Begin XCBuildConfiguration section */
		B3CDDF932252622D00AC36DF /* Debug */ = {
			isa = XCBuildConfiguration;
			buildSettings = {
				ALWAYS_SEARCH_USER_PATHS = NO;
				CLANG_ANALYZER_NONNULL = YES;
				CLANG_ANALYZER_NUMBER_OBJECT_CONVERSION = YES_AGGRESSIVE;
				CLANG_CXX_LANGUAGE_STANDARD = "gnu++14";
				CLANG_CXX_LIBRARY = "libc++";
				CLANG_ENABLE_MODULES = YES;
				CLANG_ENABLE_OBJC_ARC = YES;
				CLANG_ENABLE_OBJC_WEAK = YES;
				CLANG_WARN_BLOCK_CAPTURE_AUTORELEASING = YES;
				CLANG_WARN_BOOL_CONVERSION = YES;
				CLANG_WARN_COMMA = YES;
				CLANG_WARN_CONSTANT_CONVERSION = YES;
				CLANG_WARN_DEPRECATED_OBJC_IMPLEMENTATIONS = YES;
				CLANG_WARN_DIRECT_OBJC_ISA_USAGE = YES_ERROR;
				CLANG_WARN_DOCUMENTATION_COMMENTS = YES;
				CLANG_WARN_EMPTY_BODY = YES;
				CLANG_WARN_ENUM_CONVERSION = YES;
				CLANG_WARN_INFINITE_RECURSION = YES;
				CLANG_WARN_INT_CONVERSION = YES;
				CLANG_WARN_NON_LITERAL_NULL_CONVERSION = YES;
				CLANG_WARN_OBJC_IMPLICIT_RETAIN_SELF = YES;
				CLANG_WARN_OBJC_LITERAL_CONVERSION = YES;
				CLANG_WARN_OBJC_ROOT_CLASS = YES_ERROR;
				CLANG_WARN_RANGE_LOOP_ANALYSIS = YES;
				CLANG_WARN_STRICT_PROTOTYPES = YES;
				CLANG_WARN_SUSPICIOUS_MOVE = YES;
				CLANG_WARN_UNGUARDED_AVAILABILITY = YES_AGGRESSIVE;
				CLANG_WARN_UNREACHABLE_CODE = YES;
				CLANG_WARN__DUPLICATE_METHOD_MATCH = YES;
				CODE_SIGN_IDENTITY = "iPhone Developer";
				COPY_PHASE_STRIP = NO;
				DEBUG_INFORMATION_FORMAT = dwarf;
				ENABLE_STRICT_OBJC_MSGSEND = YES;
				ENABLE_TESTABILITY = YES;
				GCC_C_LANGUAGE_STANDARD = gnu11;
				GCC_DYNAMIC_NO_PIC = NO;
				GCC_NO_COMMON_BLOCKS = YES;
				GCC_OPTIMIZATION_LEVEL = 0;
				GCC_PREPROCESSOR_DEFINITIONS = (
					"DEBUG=1",
					"$(inherited)",
				);
				GCC_WARN_64_TO_32_BIT_CONVERSION = YES;
				GCC_WARN_ABOUT_RETURN_TYPE = YES_ERROR;
				GCC_WARN_UNDECLARED_SELECTOR = YES;
				GCC_WARN_UNINITIALIZED_AUTOS = YES_AGGRESSIVE;
				GCC_WARN_UNUSED_FUNCTION = YES;
				GCC_WARN_UNUSED_VARIABLE = YES;
				IPHONEOS_DEPLOYMENT_TARGET = 12.2;
				MTL_ENABLE_DEBUG_INFO = INCLUDE_SOURCE;
				MTL_FAST_MATH = YES;
				ONLY_ACTIVE_ARCH = YES;
				SDKROOT = iphoneos;
				SWIFT_ACTIVE_COMPILATION_CONDITIONS = DEBUG;
				SWIFT_OPTIMIZATION_LEVEL = "-Onone";
			};
			name = Debug;
		};
		B3CDDF942252622D00AC36DF /* Release */ = {
			isa = XCBuildConfiguration;
			buildSettings = {
				ALWAYS_SEARCH_USER_PATHS = NO;
				CLANG_ANALYZER_NONNULL = YES;
				CLANG_ANALYZER_NUMBER_OBJECT_CONVERSION = YES_AGGRESSIVE;
				CLANG_CXX_LANGUAGE_STANDARD = "gnu++14";
				CLANG_CXX_LIBRARY = "libc++";
				CLANG_ENABLE_MODULES = YES;
				CLANG_ENABLE_OBJC_ARC = YES;
				CLANG_ENABLE_OBJC_WEAK = YES;
				CLANG_WARN_BLOCK_CAPTURE_AUTORELEASING = YES;
				CLANG_WARN_BOOL_CONVERSION = YES;
				CLANG_WARN_COMMA = YES;
				CLANG_WARN_CONSTANT_CONVERSION = YES;
				CLANG_WARN_DEPRECATED_OBJC_IMPLEMENTATIONS = YES;
				CLANG_WARN_DIRECT_OBJC_ISA_USAGE = YES_ERROR;
				CLANG_WARN_DOCUMENTATION_COMMENTS = YES;
				CLANG_WARN_EMPTY_BODY = YES;
				CLANG_WARN_ENUM_CONVERSION = YES;
				CLANG_WARN_INFINITE_RECURSION = YES;
				CLANG_WARN_INT_CONVERSION = YES;
				CLANG_WARN_NON_LITERAL_NULL_CONVERSION = YES;
				CLANG_WARN_OBJC_IMPLICIT_RETAIN_SELF = YES;
				CLANG_WARN_OBJC_LITERAL_CONVERSION = YES;
				CLANG_WARN_OBJC_ROOT_CLASS = YES_ERROR;
				CLANG_WARN_RANGE_LOOP_ANALYSIS = YES;
				CLANG_WARN_STRICT_PROTOTYPES = YES;
				CLANG_WARN_SUSPICIOUS_MOVE = YES;
				CLANG_WARN_UNGUARDED_AVAILABILITY = YES_AGGRESSIVE;
				CLANG_WARN_UNREACHABLE_CODE = YES;
				CLANG_WARN__DUPLICATE_METHOD_MATCH = YES;
				CODE_SIGN_IDENTITY = "iPhone Developer";
				COPY_PHASE_STRIP = NO;
				DEBUG_INFORMATION_FORMAT = "dwarf-with-dsym";
				ENABLE_NS_ASSERTIONS = NO;
				ENABLE_STRICT_OBJC_MSGSEND = YES;
				GCC_C_LANGUAGE_STANDARD = gnu11;
				GCC_NO_COMMON_BLOCKS = YES;
				GCC_WARN_64_TO_32_BIT_CONVERSION = YES;
				GCC_WARN_ABOUT_RETURN_TYPE = YES_ERROR;
				GCC_WARN_UNDECLARED_SELECTOR = YES;
				GCC_WARN_UNINITIALIZED_AUTOS = YES_AGGRESSIVE;
				GCC_WARN_UNUSED_FUNCTION = YES;
				GCC_WARN_UNUSED_VARIABLE = YES;
				IPHONEOS_DEPLOYMENT_TARGET = 12.2;
				MTL_ENABLE_DEBUG_INFO = NO;
				MTL_FAST_MATH = YES;
				SDKROOT = iphoneos;
				SWIFT_COMPILATION_MODE = wholemodule;
				SWIFT_OPTIMIZATION_LEVEL = "-O";
				VALIDATE_PRODUCT = YES;
			};
			name = Release;
		};
		B3CDDF962252622D00AC36DF /* Debug */ = {
			isa = XCBuildConfiguration;
			baseConfigurationReference = 08531E992CD84D5AE7775707 /* Pods-BusinessCard.debug.xcconfig */;
			buildSettings = {
				ASSETCATALOG_COMPILER_APPICON_NAME = AppIcon;
				CODE_SIGN_STYLE = Automatic;
				DEVELOPMENT_TEAM = 9H8HCSN9C3;
				INFOPLIST_FILE = "$(SRCROOT)/BusinessCard/Supporting Files/Info.plist";
				IPHONEOS_DEPLOYMENT_TARGET = 10.0;
				LD_RUNPATH_SEARCH_PATHS = (
					"$(inherited)",
					"@executable_path/Frameworks",
				);
				PRODUCT_BUNDLE_IDENTIFIER = com.melnyk.BusinessCard;
				PRODUCT_NAME = "$(TARGET_NAME)";
				SWIFT_VERSION = 5.0;
				TARGETED_DEVICE_FAMILY = "1,2";
			};
			name = Debug;
		};
		B3CDDF972252622D00AC36DF /* Release */ = {
			isa = XCBuildConfiguration;
			baseConfigurationReference = D82C057B8E34CDF7CFC0C148 /* Pods-BusinessCard.release.xcconfig */;
			buildSettings = {
				ASSETCATALOG_COMPILER_APPICON_NAME = AppIcon;
				CODE_SIGN_STYLE = Automatic;
				DEVELOPMENT_TEAM = 9H8HCSN9C3;
				INFOPLIST_FILE = "$(SRCROOT)/BusinessCard/Supporting Files/Info.plist";
				IPHONEOS_DEPLOYMENT_TARGET = 10.0;
				LD_RUNPATH_SEARCH_PATHS = (
					"$(inherited)",
					"@executable_path/Frameworks",
				);
				PRODUCT_BUNDLE_IDENTIFIER = com.melnyk.BusinessCard;
				PRODUCT_NAME = "$(TARGET_NAME)";
				SWIFT_VERSION = 5.0;
				TARGETED_DEVICE_FAMILY = "1,2";
			};
			name = Release;
		};
		B3CDDF992252622D00AC36DF /* Debug */ = {
			isa = XCBuildConfiguration;
			buildSettings = {
				ALWAYS_EMBED_SWIFT_STANDARD_LIBRARIES = YES;
				BUNDLE_LOADER = "$(TEST_HOST)";
				CODE_SIGN_STYLE = Automatic;
				DEVELOPMENT_TEAM = 9H8HCSN9C3;
				INFOPLIST_FILE = BusinessCardTests/Info.plist;
				LD_RUNPATH_SEARCH_PATHS = (
					"$(inherited)",
					"@executable_path/Frameworks",
					"@loader_path/Frameworks",
				);
				PRODUCT_BUNDLE_IDENTIFIER = com.melnyk.BusinessCardTests;
				PRODUCT_NAME = "$(TARGET_NAME)";
				SWIFT_VERSION = 5.0;
				TARGETED_DEVICE_FAMILY = "1,2";
				TEST_HOST = "$(BUILT_PRODUCTS_DIR)/BusinessCard.app/BusinessCard";
			};
			name = Debug;
		};
		B3CDDF9A2252622D00AC36DF /* Release */ = {
			isa = XCBuildConfiguration;
			buildSettings = {
				ALWAYS_EMBED_SWIFT_STANDARD_LIBRARIES = YES;
				BUNDLE_LOADER = "$(TEST_HOST)";
				CODE_SIGN_STYLE = Automatic;
				DEVELOPMENT_TEAM = 9H8HCSN9C3;
				INFOPLIST_FILE = BusinessCardTests/Info.plist;
				LD_RUNPATH_SEARCH_PATHS = (
					"$(inherited)",
					"@executable_path/Frameworks",
					"@loader_path/Frameworks",
				);
				PRODUCT_BUNDLE_IDENTIFIER = com.melnyk.BusinessCardTests;
				PRODUCT_NAME = "$(TARGET_NAME)";
				SWIFT_VERSION = 5.0;
				TARGETED_DEVICE_FAMILY = "1,2";
				TEST_HOST = "$(BUILT_PRODUCTS_DIR)/BusinessCard.app/BusinessCard";
			};
			name = Release;
		};
		B3CDDF9C2252622D00AC36DF /* Debug */ = {
			isa = XCBuildConfiguration;
			buildSettings = {
				ALWAYS_EMBED_SWIFT_STANDARD_LIBRARIES = YES;
				CODE_SIGN_STYLE = Automatic;
				DEVELOPMENT_TEAM = 9H8HCSN9C3;
				INFOPLIST_FILE = BusinessCardUITests/Info.plist;
				LD_RUNPATH_SEARCH_PATHS = (
					"$(inherited)",
					"@executable_path/Frameworks",
					"@loader_path/Frameworks",
				);
				PRODUCT_BUNDLE_IDENTIFIER = com.melnyk.BusinessCardUITests;
				PRODUCT_NAME = "$(TARGET_NAME)";
				SWIFT_VERSION = 5.0;
				TARGETED_DEVICE_FAMILY = "1,2";
				TEST_TARGET_NAME = BusinessCard;
			};
			name = Debug;
		};
		B3CDDF9D2252622D00AC36DF /* Release */ = {
			isa = XCBuildConfiguration;
			buildSettings = {
				ALWAYS_EMBED_SWIFT_STANDARD_LIBRARIES = YES;
				CODE_SIGN_STYLE = Automatic;
				DEVELOPMENT_TEAM = 9H8HCSN9C3;
				INFOPLIST_FILE = BusinessCardUITests/Info.plist;
				LD_RUNPATH_SEARCH_PATHS = (
					"$(inherited)",
					"@executable_path/Frameworks",
					"@loader_path/Frameworks",
				);
				PRODUCT_BUNDLE_IDENTIFIER = com.melnyk.BusinessCardUITests;
				PRODUCT_NAME = "$(TARGET_NAME)";
				SWIFT_VERSION = 5.0;
				TARGETED_DEVICE_FAMILY = "1,2";
				TEST_TARGET_NAME = BusinessCard;
			};
			name = Release;
		};
/* End XCBuildConfiguration section */

/* Begin XCConfigurationList section */
		B3CDDF682252622A00AC36DF /* Build configuration list for PBXProject "BusinessCard" */ = {
			isa = XCConfigurationList;
			buildConfigurations = (
				B3CDDF932252622D00AC36DF /* Debug */,
				B3CDDF942252622D00AC36DF /* Release */,
			);
			defaultConfigurationIsVisible = 0;
			defaultConfigurationName = Release;
		};
		B3CDDF952252622D00AC36DF /* Build configuration list for PBXNativeTarget "BusinessCard" */ = {
			isa = XCConfigurationList;
			buildConfigurations = (
				B3CDDF962252622D00AC36DF /* Debug */,
				B3CDDF972252622D00AC36DF /* Release */,
			);
			defaultConfigurationIsVisible = 0;
			defaultConfigurationName = Release;
		};
		B3CDDF982252622D00AC36DF /* Build configuration list for PBXNativeTarget "BusinessCardTests" */ = {
			isa = XCConfigurationList;
			buildConfigurations = (
				B3CDDF992252622D00AC36DF /* Debug */,
				B3CDDF9A2252622D00AC36DF /* Release */,
			);
			defaultConfigurationIsVisible = 0;
			defaultConfigurationName = Release;
		};
		B3CDDF9B2252622D00AC36DF /* Build configuration list for PBXNativeTarget "BusinessCardUITests" */ = {
			isa = XCConfigurationList;
			buildConfigurations = (
				B3CDDF9C2252622D00AC36DF /* Debug */,
				B3CDDF9D2252622D00AC36DF /* Release */,
			);
			defaultConfigurationIsVisible = 0;
			defaultConfigurationName = Release;
		};
/* End XCConfigurationList section */
	};
	rootObject = B3CDDF652252622A00AC36DF /* Project object */;
}
